
Microsoft Visual Studio Solution File, Format Version 12.00
# Visual Studio 14
VisualStudioVersion = 14.0.25420.1
MinimumVisualStudioVersion = 10.0.40219.1
Project("{888888A0-9F3D-457C-B088-3A5042F75D52}") = "8-sendEmailWhenChristmasAPI", "8-sendEmailWhenChristmasAPI\8-sendEmailWhenChristmasAPI.pyproj", "{74B62DE1-14FC-4879-8A3D-9D4C6ECABC03}"
EndProject
Global
	GlobalSection(SolutionConfigurationPlatforms) = preSolution
		Debug|Any CPU = Debug|Any CPU
		Release|Any CPU = Release|Any CPU
	EndGlobalSection
	GlobalSection(ProjectConfigurationPlatforms) = postSolution
		{74B62DE1-14FC-4879-8A3D-9D4C6ECABC03}.Debug|Any CPU.ActiveCfg = Debug|Any CPU
		{74B62DE1-14FC-4879-8A3D-9D4C6ECABC03}.Release|Any CPU.ActiveCfg = Release|Any CPU
	EndGlobalSection
	GlobalSection(SolutionProperties) = preSolution
		HideSolutionNode = FALSE
	EndGlobalSection
EndGlobal
