
Microsoft Visual Studio Solution File, Format Version 12.00
# Visual Studio 14
VisualStudioVersion = 14.0.25420.1
MinimumVisualStudioVersion = 10.0.40219.1
Project("{888888A0-9F3D-457C-B088-3A5042F75D52}") = "3-javascriptRedirect", "3-javascriptRedirect\3-javascriptRedirect.pyproj", "{D38E8BA1-A0C7-4566-A2E9-35C2CAC0DF8D}"
EndProject
Global
	GlobalSection(SolutionConfigurationPlatforms) = preSolution
		Debug|Any CPU = Debug|Any CPU
		Release|Any CPU = Release|Any CPU
	EndGlobalSection
	GlobalSection(ProjectConfigurationPlatforms) = postSolution
		{D38E8BA1-A0C7-4566-A2E9-35C2CAC0DF8D}.Debug|Any CPU.ActiveCfg = Debug|Any CPU
		{D38E8BA1-A0C7-4566-A2E9-35C2CAC0DF8D}.Release|Any CPU.ActiveCfg = Release|Any CPU
	EndGlobalSection
	GlobalSection(SolutionProperties) = preSolution
		HideSolutionNode = FALSE
	EndGlobalSection
EndGlobal
